{
  "name": "surfpool-sdk",
  "version": "1.2.0",
  "lockfileVersion": 3,
  "requires": true,
  "packages": {
    "": {
      "name": "surfpool-sdk",
      "version": "1.2.0",
      "license": "Apache-2.0",
      "devDependencies": {
        "@napi-rs/cli": "^2.18.4",
        "typescript": "^5.7.0"
      },
      "engines": {
        "node": ">=18"
      },
      "optionalDependencies": {
        "surfpool-sdk-darwin-arm64": "1.2.0",
        "surfpool-sdk-darwin-x64": "1.2.0",
        "surfpool-sdk-linux-x64-gnu": "1.2.0"
      }
    },
    "node_modules/@napi-rs/cli": {
      "version": "2.18.4",
      "resolved": "https://registry.npmjs.org/@napi-rs/cli/-/cli-2.18.4.tgz",
      "integrity": "sha512-SgJeA4df9DE2iAEpr3M2H0OKl/yjtg1BnRI5/JyowS71tUWhrfSu2LT0V3vlHET+g1hBVlrO60PmEXwUEKp8Mg==",
      "dev": true,
      "license": "MIT",
      "bin": {
        "napi": "scripts/index.js"
      },
      "engines": {
        "node": ">= 10"
      },
      "funding": {
        "type": "github",
        "url": "https://github.com/sponsors/Brooooooklyn"
      }
    },
    "node_modules/surfpool-sdk-darwin-arm64": {
      "version": "1.2.0",
      "resolved": "https://registry.npmjs.org/surfpool-sdk-darwin-arm64/-/surfpool-sdk-darwin-arm64-1.2.0.tgz",
      "integrity": "sha512-OrCcXmiHmM6yJiYUc0QYsCXatqp5oBVyCBDlOtIXRwxa7uqZ28Y4Vjae8p7o6BB0ODrdV55rHBK0Tl4ZCZaGyw==",
      "cpu": [
        "arm64"
      ],
      "license": "Apache-2.0",
      "optional": true,
      "os": [
        "darwin"
      ],
      "engines": {
        "node": ">=18"
      }
    },
    "node_modules/surfpool-sdk-darwin-x64": {
      "version": "1.2.0",
      "resolved": "https://registry.npmjs.org/surfpool-sdk-darwin-x64/-/surfpool-sdk-darwin-x64-1.2.0.tgz",
      "integrity": "sha512-AHdd5CNsTqnQKoMAezgs8NvfRChu0wlXejxYttGuDzk3QjdUMri5SQTMKyg8wFZfsuNIf4Gz2JL3JXe5FD78Lw==",
      "cpu": [
        "x64"
      ],
      "license": "Apache-2.0",
      "optional": true,
      "os": [
        "darwin"
      ],
      "engines": {
        "node": ">=18"
      }
    },
    "node_modules/surfpool-sdk-linux-x64-gnu": {
      "version": "1.2.0",
      "resolved": "https://registry.npmjs.org/surfpool-sdk-linux-x64-gnu/-/surfpool-sdk-linux-x64-gnu-1.2.0.tgz",
      "integrity": "sha512-i1NX/2yrIAwGHeNK+NLqqIfASS1eRLZrsm5oovyrOo3KjeZVVTLImgqtEHy+g5BItDCOvO/WwE268C+RLcnYZQ==",
      "cpu": [
        "x64"
      ],
      "libc": [
        "glibc"
      ],
      "license": "Apache-2.0",
      "optional": true,
      "os": [
        "linux"
      ],
      "engines": {
        "node": ">=18"
      }
    },
    "node_modules/typescript": {
      "version": "5.9.3",
      "resolved": "https://registry.npmjs.org/typescript/-/typescript-5.9.3.tgz",
      "integrity": "sha512-jl1vZzPDinLr9eUt3J/t7V6FgNEw9QjvBPdysz9KfQDD41fQrC2Y4vKQdiaUpFT4bXlb1RHhLpp8wtm6M5TgSw==",
      "dev": true,
      "license": "Apache-2.0",
      "bin": {
        "tsc": "bin/tsc",
        "tsserver": "bin/tsserver"
      },
      "engines": {
        "node": ">=14.17"
      }
    }
  }
}
